
Microsoft Visual Studio Solution File, Format Version 12.00
# Visual Studio Version 16
VisualStudioVersion = 16.0.29326.143
MinimumVisualStudioVersion = 10.0.40219.1
Project("{FAE04EC0-301F-11D3-BF4B-00C04F79EFBC}") = "BackAPI", "BackAPI\BackAPI.csproj", "{9E71C6FB-D6CC-4E89-BC1C-65D61AF2AFEF}"
EndProject
Global
	GlobalSection(SolutionConfigurationPlatforms) = preSolution
		Debug|Any CPU = Debug|Any CPU
		Release|Any CPU = Release|Any CPU
	EndGlobalSection
	GlobalSection(ProjectConfigurationPlatforms) = postSolution
		{9E71C6FB-D6CC-4E89-BC1C-65D61AF2AFEF}.Debug|Any CPU.ActiveCfg = Debug|Any CPU
		{9E71C6FB-D6CC-4E89-BC1C-65D61AF2AFEF}.Debug|Any CPU.Build.0 = Debug|Any CPU
		{9E71C6FB-D6CC-4E89-BC1C-65D61AF2AFEF}.Release|Any CPU.ActiveCfg = Release|Any CPU
		{9E71C6FB-D6CC-4E89-BC1C-65D61AF2AFEF}.Release|Any CPU.Build.0 = Release|Any CPU
	EndGlobalSection
	GlobalSection(SolutionProperties) = preSolution
		HideSolutionNode = FALSE
	EndGlobalSection
	GlobalSection(ExtensibilityGlobals) = postSolution
		SolutionGuid = {2D3B14A3-993F-477B-9411-1D001DBDC542}
	EndGlobalSection
EndGlobal
