
Microsoft Visual Studio Solution File, Format Version 12.00
# Visual Studio Version 16
VisualStudioVersion = 16.0.29806.167
MinimumVisualStudioVersion = 10.0.40219.1
Project("{FAE04EC0-301F-11D3-BF4B-00C04F79EFBC}") = "backApp", "backApp\backApp.csproj", "{14DED71A-FFC6-4C7B-8128-30012D52B0E3}"
EndProject
Global
	GlobalSection(SolutionConfigurationPlatforms) = preSolution
		Debug|Any CPU = Debug|Any CPU
		Release|Any CPU = Release|Any CPU
	EndGlobalSection
	GlobalSection(ProjectConfigurationPlatforms) = postSolution
		{14DED71A-FFC6-4C7B-8128-30012D52B0E3}.Debug|Any CPU.ActiveCfg = Debug|Any CPU
		{14DED71A-FFC6-4C7B-8128-30012D52B0E3}.Debug|Any CPU.Build.0 = Debug|Any CPU
		{14DED71A-FFC6-4C7B-8128-30012D52B0E3}.Release|Any CPU.ActiveCfg = Release|Any CPU
		{14DED71A-FFC6-4C7B-8128-30012D52B0E3}.Release|Any CPU.Build.0 = Release|Any CPU
	EndGlobalSection
	GlobalSection(SolutionProperties) = preSolution
		HideSolutionNode = FALSE
	EndGlobalSection
	GlobalSection(ExtensibilityGlobals) = postSolution
		SolutionGuid = {0946B222-38F9-42E9-AC6E-6332BCC8F5C8}
	EndGlobalSection
EndGlobal
